// !$*UTF8*$!
{
	archiveVersion = 1;
	classes = {
	};
	objectVersion = 50;
	objects = {

/* Begin PBXBuildFile section */
		750A9B642264F07100C5B21D /* AppDelegate.swift in Sources */ = {isa = PBXBuildFile; fileRef = 750A9B632264F07100C5B21D /* AppDelegate.swift */; };
		750A9B662264F07100C5B21D /* ViewController.swift in Sources */ = {isa = PBXBuildFile; fileRef = 750A9B652264F07100C5B21D /* ViewController.swift */; };
		750A9B692264F07100C5B21D /* Main.storyboard in Resources */ = {isa = PBXBuildFile; fileRef = 750A9B672264F07100C5B21D /* Main.storyboard */; };
		750A9B6C2264F07100C5B21D /* firstapp.xcdatamodeld in Sources */ = {isa = PBXBuildFile; fileRef = 750A9B6A2264F07100C5B21D /* firstapp.xcdatamodeld */; };
		750A9B6E2264F07300C5B21D /* Assets.xcassets in Resources */ = {isa = PBXBuildFile; fileRef = 750A9B6D2264F07300C5B21D /* Assets.xcassets */; };
		750A9B712264F07300C5B21D /* LaunchScreen.storyboard in Resources */ = {isa = PBXBuildFile; fileRef = 750A9B6F2264F07300C5B21D /* LaunchScreen.storyboard */; };
		750A9B7C2264F07300C5B21D /* firstappTests.swift in Sources */ = {isa = PBXBuildFile; fileRef = 750A9B7B2264F07300C5B21D /* firstappTests.swift */; };
		750A9B872264F07300C5B21D /* firstappUITests.swift in Sources */ = {isa = PBXBuildFile; fileRef = 750A9B862264F07300C5B21D /* firstappUITests.swift */; };
/* End PBXBuildFile section */

/* Begin PBXContainerItemProxy section */
		750A9B782264F07300C5B21D /* PBXContainerItemProxy */ = {
			isa = PBXContainerItemProxy;
			containerPortal = 750A9B582264F07100C5B21D /* Project object */;
			proxyType = 1;
			remoteGlobalIDString = 750A9B5F2264F07100C5B21D;
			remoteInfo = firstapp;
		};
		750A9B832264F07300C5B21D /* PBXContainerItemProxy */ = {
			isa = PBXContainerItemProxy;
			containerPortal = 750A9B582264F07100C5B21D /* Project object */;
			proxyType = 1;
			remoteGlobalIDString = 750A9B5F2264F07100C5B21D;
			remoteInfo = firstapp;
		};
/* End PBXContainerItemProxy section */

/* Begin PBXFileReference section */
		750A9B602264F07100C5B21D /* DocScan.app */ = {isa = PBXFileReference; explicitFileType = wrapper.application; includeInIndex = 0; path = DocScan.app; sourceTree = BUILT_PRODUCTS_DIR; };
		750A9B632264F07100C5B21D /* AppDelegate.swift */ = {isa = PBXFileReference; lastKnownFileType = sourcecode.swift; path = AppDelegate.swift; sourceTree = "<group>"; };
		750A9B652264F07100C5B21D /* ViewController.swift */ = {isa = PBXFileReference; lastKnownFileType = sourcecode.swift; path = ViewController.swift; sourceTree = "<group>"; };
		750A9B682264F07100C5B21D /* Base */ = {isa = PBXFileReference; lastKnownFileType = file.storyboard; name = Base; path = Base.lproj/Main.storyboard; sourceTree = "<group>"; };
		750A9B6B2264F07100C5B21D /* firstapp.xcdatamodel */ = {isa = PBXFileReference; lastKnownFileType = wrapper.xcdatamodel; path = firstapp.xcdatamodel; sourceTree = "<group>"; };
		750A9B6D2264F07300C5B21D /* Assets.xcassets */ = {isa = PBXFileReference; lastKnownFileType = folder.assetcatalog; path = Assets.xcassets; sourceTree = "<group>"; };
		750A9B702264F07300C5B21D /* Base */ = {isa = PBXFileReference; lastKnownFileType = file.storyboard; name = Base; path = Base.lproj/LaunchScreen.storyboard; sourceTree = "<group>"; };
		750A9B722264F07300C5B21D /* Info.plist */ = {isa = PBXFileReference; lastKnownFileType = text.plist.xml; path = Info.plist; sourceTree = "<group>"; };
		750A9B772264F07300C5B21D /* firstappTests.xctest */ = {isa = PBXFileReference; explicitFileType = wrapper.cfbundle; includeInIndex = 0; path = firstappTests.xctest; sourceTree = BUILT_PRODUCTS_DIR; };
		750A9B7B2264F07300C5B21D /* firstappTests.swift */ = {isa = PBXFileReference; lastKnownFileType = sourcecode.swift; path = firstappTests.swift; sourceTree = "<group>"; };
		750A9B7D2264F07300C5B21D /* Info.plist */ = {isa = PBXFileReference; lastKnownFileType = text.plist.xml; path = Info.plist; sourceTree = "<group>"; };
		750A9B822264F07300C5B21D /* firstappUITests.xctest */ = {isa = PBXFileReference; explicitFileType = wrapper.cfbundle; includeInIndex = 0; path = firstappUITests.xctest; sourceTree = BUILT_PRODUCTS_DIR; };
		750A9B862264F07300C5B21D /* firstappUITests.swift */ = {isa = PBXFileReference; lastKnownFileType = sourcecode.swift; path = firstappUITests.swift; sourceTree = "<group>"; };
		750A9B882264F07300C5B21D /* Info.plist */ = {isa = PBXFileReference; lastKnownFileType = text.plist.xml; path = Info.plist; sourceTree = "<group>"; };
/* End PBXFileReference section */

/* Begin PBXFrameworksBuildPhase section */
		750A9B5D2264F07100C5B21D /* Frameworks */ = {
			isa = PBXFrameworksBuildPhase;
			buildActionMask = 2147483647;
			files = (
			);
			runOnlyForDeploymentPostprocessing = 0;
		};
		750A9B742264F07300C5B21D /* Frameworks */ = {
			isa = PBXFrameworksBuildPhase;
			buildActionMask = 2147483647;
			files = (
			);
			runOnlyForDeploymentPostprocessing = 0;
		};
		750A9B7F2264F07300C5B21D /* Frameworks */ = {
			isa = PBXFrameworksBuildPhase;
			buildActionMask = 2147483647;
			files = (
			);
			runOnlyForDeploymentPostprocessing = 0;
		};
/* End PBXFrameworksBuildPhase section */

/* Begin PBXGroup section */
		750A9B572264F07100C5B21D = {
			isa = PBXGroup;
			children = (
				750A9B622264F07100C5B21D /* firstapp */,
				750A9B7A2264F07300C5B21D /* firstappTests */,
				750A9B852264F07300C5B21D /* firstappUITests */,
				750A9B612264F07100C5B21D /* Products */,
			);
			sourceTree = "<group>";
		};
		750A9B612264F07100C5B21D /* Products */ = {
			isa = PBXGroup;
			children = (
				750A9B602264F07100C5B21D /* DocScan.app */,
				750A9B772264F07300C5B21D /* firstappTests.xctest */,
				750A9B822264F07300C5B21D /* firstappUITests.xctest */,
			);
			name = Products;
			sourceTree = "<group>";
		};
		750A9B622264F07100C5B21D /* firstapp */ = {
			isa = PBXGroup;
			children = (
				750A9B632264F07100C5B21D /* AppDelegate.swift */,
				750A9B652264F07100C5B21D /* ViewController.swift */,
				750A9B672264F07100C5B21D /* Main.storyboard */,
				750A9B6D2264F07300C5B21D /* Assets.xcassets */,
				750A9B6F2264F07300C5B21D /* LaunchScreen.storyboard */,
				750A9B722264F07300C5B21D /* Info.plist */,
				750A9B6A2264F07100C5B21D /* firstapp.xcdatamodeld */,
			);
			path = firstapp;
			sourceTree = "<group>";
		};
		750A9B7A2264F07300C5B21D /* firstappTests */ = {
			isa = PBXGroup;
			children = (
				750A9B7B2264F07300C5B21D /* firstappTests.swift */,
				750A9B7D2264F07300C5B21D /* Info.plist */,
			);
			path = firstappTests;
			sourceTree = "<group>";
		};
		750A9B852264F07300C5B21D /* firstappUITests */ = {
			isa = PBXGroup;
			children = (
				750A9B862264F07300C5B21D /* firstappUITests.swift */,
				750A9B882264F07300C5B21D /* Info.plist */,
			);
			path = firstappUITests;
			sourceTree = "<group>";
		};
/* End PBXGroup section */

/* Begin PBXNativeTarget section */
		750A9B5F2264F07100C5B21D /* firstapp */ = {
			isa = PBXNativeTarget;
			buildConfigurationList = 750A9B8B2264F07300C5B21D /* Build configuration list for PBXNativeTarget "firstapp" */;
			buildPhases = (
				750A9B5C2264F07100C5B21D /* Sources */,
				750A9B5D2264F07100C5B21D /* Frameworks */,
				750A9B5E2264F07100C5B21D /* Resources */,
			);
			buildRules = (
			);
			dependencies = (
			);
			name = firstapp;
			productName = firstapp;
			productReference = 750A9B602264F07100C5B21D /* DocScan.app */;
			productType = "com.apple.product-type.application";
		};
		750A9B762264F07300C5B21D /* firstappTests */ = {
			isa = PBXNativeTarget;
			buildConfigurationList = 750A9B8E2264F07300C5B21D /* Build configuration list for PBXNativeTarget "firstappTests" */;
			buildPhases = (
				750A9B732264F07300C5B21D /* Sources */,
				750A9B742264F07300C5B21D /* Frameworks */,
				750A9B752264F07300C5B21D /* Resources */,
			);
			buildRules = (
			);
			dependencies = (
				750A9B792264F07300C5B21D /* PBXTargetDependency */,
			);
			name = firstappTests;
			productName = firstappTests;
			productReference = 750A9B772264F07300C5B21D /* firstappTests.xctest */;
			productType = "com.apple.product-type.bundle.unit-test";
		};
		750A9B812264F07300C5B21D /* firstappUITests */ = {
			isa = PBXNativeTarget;
			buildConfigurationList = 750A9B912264F07300C5B21D /* Build configuration list for PBXNativeTarget "firstappUITests" */;
			buildPhases = (
				750A9B7E2264F07300C5B21D /* Sources */,
				750A9B7F2264F07300C5B21D /* Frameworks */,
				750A9B802264F07300C5B21D /* Resources */,
			);
			buildRules = (
			);
			dependencies = (
				750A9B842264F07300C5B21D /* PBXTargetDependency */,
			);
			name = firstappUITests;
			productName = firstappUITests;
			productReference = 750A9B822264F07300C5B21D /* firstappUITests.xctest */;
			productType = "com.apple.product-type.bundle.ui-testing";
		};
/* End PBXNativeTarget section */

/* Begin PBXProject section */
		750A9B582264F07100C5B21D /* Project object */ = {
			isa = PBXProject;
			attributes = {
				LastSwiftUpdateCheck = 1020;
				LastUpgradeCheck = 1020;
				ORGANIZATIONNAME = "Артур";
				TargetAttributes = {
					750A9B5F2264F07100C5B21D = {
						CreatedOnToolsVersion = 10.2;
					};
					750A9B762264F07300C5B21D = {
						CreatedOnToolsVersion = 10.2;
						TestTargetID = 750A9B5F2264F07100C5B21D;
					};
					750A9B812264F07300C5B21D = {
						CreatedOnToolsVersion = 10.2;
						TestTargetID = 750A9B5F2264F07100C5B21D;
					};
				};
			};
			buildConfigurationList = 750A9B5B2264F07100C5B21D /* Build configuration list for PBXProject "firstapp" */;
			compatibilityVersion = "Xcode 9.3";
			developmentRegion = en;
			hasScannedForEncodings = 0;
			knownRegions = (
				en,
				Base,
			);
			mainGroup = 750A9B572264F07100C5B21D;
			productRefGroup = 750A9B612264F07100C5B21D /* Products */;
			projectDirPath = "";
			projectRoot = "";
			targets = (
				750A9B5F2264F07100C5B21D /* firstapp */,
				750A9B762264F07300C5B21D /* firstappTests */,
				750A9B812264F07300C5B21D /* firstappUITests */,
			);
		};
/* End PBXProject section */

/* Begin PBXResourcesBuildPhase section */
		750A9B5E2264F07100C5B21D /* Resources */ = {
			isa = PBXResourcesBuildPhase;
			buildActionMask = 2147483647;
			files = (
				750A9B712264F07300C5B21D /* LaunchScreen.storyboard in Resources */,
				750A9B6E2264F07300C5B21D /* Assets.xcassets in Resources */,
				750A9B692264F07100C5B21D /* Main.storyboard in Resources */,
			);
			runOnlyForDeploymentPostprocessing = 0;
		};
		750A9B752264F07300C5B21D /* Resources */ = {
			isa = PBXResourcesBuildPhase;
			buildActionMask = 2147483647;
			files = (
			);
			runOnlyForDeploymentPostprocessing = 0;
		};
		750A9B802264F07300C5B21D /* Resources */ = {
			isa = PBXResourcesBuildPhase;
			buildActionMask = 2147483647;
			files = (
			);
			runOnlyForDeploymentPostprocessing = 0;
		};
/* End PBXResourcesBuildPhase section */

/* Begin PBXSourcesBuildPhase section */
		750A9B5C2264F07100C5B21D /* Sources */ = {
			isa = PBXSourcesBuildPhase;
			buildActionMask = 2147483647;
			files = (
				750A9B6C2264F07100C5B21D /* firstapp.xcdatamodeld in Sources */,
				750A9B662264F07100C5B21D /* ViewController.swift in Sources */,
				750A9B642264F07100C5B21D /* AppDelegate.swift in Sources */,
			);
			runOnlyForDeploymentPostprocessing = 0;
		};
		750A9B732264F07300C5B21D /* Sources */ = {
			isa = PBXSourcesBuildPhase;
			buildActionMask = 2147483647;
			files = (
				750A9B7C2264F07300C5B21D /* firstappTests.swift in Sources */,
			);
			runOnlyForDeploymentPostprocessing = 0;
		};
		750A9B7E2264F07300C5B21D /* Sources */ = {
			isa = PBXSourcesBuildPhase;
			buildActionMask = 2147483647;
			files = (
				750A9B872264F07300C5B21D /* firstappUITests.swift in Sources */,
			);
			runOnlyForDeploymentPostprocessing = 0;
		};
/* End PBXSourcesBuildPhase section */

/* Begin PBXTargetDependency section */
		750A9B792264F07300C5B21D /* PBXTargetDependency */ = {
			isa = PBXTargetDependency;
			target = 750A9B5F2264F07100C5B21D /* firstapp */;
			targetProxy = 750A9B782264F07300C5B21D /* PBXContainerItemProxy */;
		};
		750A9B842264F07300C5B21D /* PBXTargetDependency */ = {
			isa = PBXTargetDependency;
			target = 750A9B5F2264F07100C5B21D /* firstapp */;
			targetProxy = 750A9B832264F07300C5B21D /* PBXContainerItemProxy */;
		};
/* End PBXTargetDependency section */

/* Begin PBXVariantGroup section */
		750A9B672264F07100C5B21D /* Main.storyboard */ = {
			isa = PBXVariantGroup;
			children = (
				750A9B682264F07100C5B21D /* Base */,
			);
			name = Main.storyboard;
			sourceTree = "<group>";
		};
		750A9B6F2264F07300C5B21D /* LaunchScreen.storyboard */ = {
			isa = PBXVariantGroup;
			children = (
				750A9B702264F07300C5B21D /* Base */,
			);
			name = LaunchScreen.storyboard;
			sourceTree = "<group>";
		};
/* End PBXVariantGroup section */

/* Begin XCBuildConfiguration section */
		750A9B892264F07300C5B21D /* Debug */ = {
			isa = XCBuildConfiguration;
			buildSettings = {
				ALWAYS_SEARCH_USER_PATHS = NO;
				CLANG_ANALYZER_NONNULL = YES;
				CLANG_ANALYZER_NUMBER_OBJECT_CONVERSION = YES_AGGRESSIVE;
				CLANG_CXX_LANGUAGE_STANDARD = "gnu++14";
				CLANG_CXX_LIBRARY = "libc++";
				CLANG_ENABLE_MODULES = YES;
				CLANG_ENABLE_OBJC_ARC = YES;
				CLANG_ENABLE_OBJC_WEAK = YES;
				CLANG_WARN_BLOCK_CAPTURE_AUTORELEASING = YES;
				CLANG_WARN_BOOL_CONVERSION = YES;
				CLANG_WARN_COMMA = YES;
				CLANG_WARN_CONSTANT_CONVERSION = YES;
				CLANG_WARN_DEPRECATED_OBJC_IMPLEMENTATIONS = YES;
				CLANG_WARN_DIRECT_OBJC_ISA_USAGE = YES_ERROR;
				CLANG_WARN_DOCUMENTATION_COMMENTS = YES;
				CLANG_WARN_EMPTY_BODY = YES;
				CLANG_WARN_ENUM_CONVERSION = YES;
				CLANG_WARN_INFINITE_RECURSION = YES;
				CLANG_WARN_INT_CONVERSION = YES;
				CLANG_WARN_NON_LITERAL_NULL_CONVERSION = YES;
				CLANG_WARN_OBJC_IMPLICIT_RETAIN_SELF = YES;
				CLANG_WARN_OBJC_LITERAL_CONVERSION = YES;
				CLANG_WARN_OBJC_ROOT_CLASS = YES_ERROR;
				CLANG_WARN_RANGE_LOOP_ANALYSIS = YES;
				CLANG_WARN_STRICT_PROTOTYPES = YES;
				CLANG_WARN_SUSPICIOUS_MOVE = YES;
				CLANG_WARN_UNGUARDED_AVAILABILITY = YES_AGGRESSIVE;
				CLANG_WARN_UNREACHABLE_CODE = YES;
				CLANG_WARN__DUPLICATE_METHOD_MATCH = YES;
				CODE_SIGN_IDENTITY = "iPhone Developer";
				COPY_PHASE_STRIP = NO;
				DEBUG_INFORMATION_FORMAT = dwarf;
				ENABLE_STRICT_OBJC_MSGSEND = YES;
				ENABLE_TESTABILITY = YES;
				GCC_C_LANGUAGE_STANDARD = gnu11;
				GCC_DYNAMIC_NO_PIC = NO;
				GCC_NO_COMMON_BLOCKS = YES;
				GCC_OPTIMIZATION_LEVEL = 0;
				GCC_PREPROCESSOR_DEFINITIONS = (
					"DEBUG=1",
					"$(inherited)",
				);
				GCC_WARN_64_TO_32_BIT_CONVERSION = YES;
				GCC_WARN_ABOUT_RETURN_TYPE = YES_ERROR;
				GCC_WARN_UNDECLARED_SELECTOR = YES;
				GCC_WARN_UNINITIALIZED_AUTOS = YES_AGGRESSIVE;
				GCC_WARN_UNUSED_FUNCTION = YES;
				GCC_WARN_UNUSED_VARIABLE = YES;
				IPHONEOS_DEPLOYMENT_TARGET = 12.2;
				MTL_ENABLE_DEBUG_INFO = INCLUDE_SOURCE;
				MTL_FAST_MATH = YES;
				ONLY_ACTIVE_ARCH = YES;
				SDKROOT = iphoneos;
				SWIFT_ACTIVE_COMPILATION_CONDITIONS = DEBUG;
				SWIFT_OPTIMIZATION_LEVEL = "-Onone";
			};
			name = Debug;
		};
		750A9B8A2264F07300C5B21D /* Release */ = {
			isa = XCBuildConfiguration;
			buildSettings = {
				ALWAYS_SEARCH_USER_PATHS = NO;
				CLANG_ANALYZER_NONNULL = YES;
				CLANG_ANALYZER_NUMBER_OBJECT_CONVERSION = YES_AGGRESSIVE;
				CLANG_CXX_LANGUAGE_STANDARD = "gnu++14";
				CLANG_CXX_LIBRARY = "libc++";
				CLANG_ENABLE_MODULES = YES;
				CLANG_ENABLE_OBJC_ARC = YES;
				CLANG_ENABLE_OBJC_WEAK = YES;
				CLANG_WARN_BLOCK_CAPTURE_AUTORELEASING = YES;
				CLANG_WARN_BOOL_CONVERSION = YES;
				CLANG_WARN_COMMA = YES;
				CLANG_WARN_CONSTANT_CONVERSION = YES;
				CLANG_WARN_DEPRECATED_OBJC_IMPLEMENTATIONS = YES;
				CLANG_WARN_DIRECT_OBJC_ISA_USAGE = YES_ERROR;
				CLANG_WARN_DOCUMENTATION_COMMENTS = YES;
				CLANG_WARN_EMPTY_BODY = YES;
				CLANG_WARN_ENUM_CONVERSION = YES;
				CLANG_WARN_INFINITE_RECURSION = YES;
				CLANG_WARN_INT_CONVERSION = YES;
				CLANG_WARN_NON_LITERAL_NULL_CONVERSION = YES;
				CLANG_WARN_OBJC_IMPLICIT_RETAIN_SELF = YES;
				CLANG_WARN_OBJC_LITERAL_CONVERSION = YES;
				CLANG_WARN_OBJC_ROOT_CLASS = YES_ERROR;
				CLANG_WARN_RANGE_LOOP_ANALYSIS = YES;
				CLANG_WARN_STRICT_PROTOTYPES = YES;
				CLANG_WARN_SUSPICIOUS_MOVE = YES;
				CLANG_WARN_UNGUARDED_AVAILABILITY = YES_AGGRESSIVE;
				CLANG_WARN_UNREACHABLE_CODE = YES;
				CLANG_WARN__DUPLICATE_METHOD_MATCH = YES;
				CODE_SIGN_IDENTITY = "iPhone Developer";
				COPY_PHASE_STRIP = NO;
				DEBUG_INFORMATION_FORMAT = "dwarf-with-dsym";
				ENABLE_NS_ASSERTIONS = NO;
				ENABLE_STRICT_OBJC_MSGSEND = YES;
				GCC_C_LANGUAGE_STANDARD = gnu11;
				GCC_NO_COMMON_BLOCKS = YES;
				GCC_WARN_64_TO_32_BIT_CONVERSION = YES;
				GCC_WARN_ABOUT_RETURN_TYPE = YES_ERROR;
				GCC_WARN_UNDECLARED_SELECTOR = YES;
				GCC_WARN_UNINITIALIZED_AUTOS = YES_AGGRESSIVE;
				GCC_WARN_UNUSED_FUNCTION = YES;
				GCC_WARN_UNUSED_VARIABLE = YES;
				IPHONEOS_DEPLOYMENT_TARGET = 12.2;
				MTL_ENABLE_DEBUG_INFO = NO;
				MTL_FAST_MATH = YES;
				SDKROOT = iphoneos;
				SWIFT_COMPILATION_MODE = wholemodule;
				SWIFT_OPTIMIZATION_LEVEL = "-O";
				VALIDATE_PRODUCT = YES;
			};
			name = Release;
		};
		750A9B8C2264F07300C5B21D /* Debug */ = {
			isa = XCBuildConfiguration;
			buildSettings = {
				ASSETCATALOG_COMPILER_APPICON_NAME = AppIcon;
				CODE_SIGN_STYLE = Automatic;
				DEVELOPMENT_TEAM = 7MJQ4H625Q;
				INFOPLIST_FILE = firstapp/Info.plist;
				LD_RUNPATH_SEARCH_PATHS = (
					"$(inherited)",
					"@executable_path/Frameworks",
				);
				PRODUCT_BUNDLE_IDENTIFIER = h9.firstapp;
				PRODUCT_NAME = DocScan;
				SWIFT_VERSION = 5.0;
				TARGETED_DEVICE_FAMILY = "1,2";
			};
			name = Debug;
		};
		750A9B8D2264F07300C5B21D /* Release */ = {
			isa = XCBuildConfiguration;
			buildSettings = {
				ASSETCATALOG_COMPILER_APPICON_NAME = AppIcon;
				CODE_SIGN_STYLE = Automatic;
				DEVELOPMENT_TEAM = 7MJQ4H625Q;
				INFOPLIST_FILE = firstapp/Info.plist;
				LD_RUNPATH_SEARCH_PATHS = (
					"$(inherited)",
					"@executable_path/Frameworks",
				);
				PRODUCT_BUNDLE_IDENTIFIER = h9.firstapp;
				PRODUCT_NAME = DocScan;
				SWIFT_VERSION = 5.0;
				TARGETED_DEVICE_FAMILY = "1,2";
			};
			name = Release;
		};
		750A9B8F2264F07300C5B21D /* Debug */ = {
			isa = XCBuildConfiguration;
			buildSettings = {
				ALWAYS_EMBED_SWIFT_STANDARD_LIBRARIES = YES;
				BUNDLE_LOADER = "$(TEST_HOST)";
				CODE_SIGN_STYLE = Automatic;
				DEVELOPMENT_TEAM = 7MJQ4H625Q;
				INFOPLIST_FILE = firstappTests/Info.plist;
				LD_RUNPATH_SEARCH_PATHS = (
					"$(inherited)",
					"@executable_path/Frameworks",
					"@loader_path/Frameworks",
				);
				PRODUCT_BUNDLE_IDENTIFIER = h9.firstappTests;
				PRODUCT_NAME = "$(TARGET_NAME)";
				SWIFT_VERSION = 5.0;
				TARGETED_DEVICE_FAMILY = "1,2";
				TEST_HOST = "$(BUILT_PRODUCTS_DIR)/firstapp.app/firstapp";
			};
			name = Debug;
		};
		750A9B902264F07300C5B21D /* Release */ = {
			isa = XCBuildConfiguration;
			buildSettings = {
				ALWAYS_EMBED_SWIFT_STANDARD_LIBRARIES = YES;
				BUNDLE_LOADER = "$(TEST_HOST)";
				CODE_SIGN_STYLE = Automatic;
				DEVELOPMENT_TEAM = 7MJQ4H625Q;
				INFOPLIST_FILE = firstappTests/Info.plist;
				LD_RUNPATH_SEARCH_PATHS = (
					"$(inherited)",
					"@executable_path/Frameworks",
					"@loader_path/Frameworks",
				);
				PRODUCT_BUNDLE_IDENTIFIER = h9.firstappTests;
				PRODUCT_NAME = "$(TARGET_NAME)";
				SWIFT_VERSION = 5.0;
				TARGETED_DEVICE_FAMILY = "1,2";
				TEST_HOST = "$(BUILT_PRODUCTS_DIR)/firstapp.app/firstapp";
			};
			name = Release;
		};
		750A9B922264F07300C5B21D /* Debug */ = {
			isa = XCBuildConfiguration;
			buildSettings = {
				ALWAYS_EMBED_SWIFT_STANDARD_LIBRARIES = YES;
				CODE_SIGN_STYLE = Automatic;
				DEVELOPMENT_TEAM = 7MJQ4H625Q;
				INFOPLIST_FILE = firstappUITests/Info.plist;
				LD_RUNPATH_SEARCH_PATHS = (
					"$(inherited)",
					"@executable_path/Frameworks",
					"@loader_path/Frameworks",
				);
				PRODUCT_BUNDLE_IDENTIFIER = h9.firstappUITests;
				PRODUCT_NAME = "$(TARGET_NAME)";
				SWIFT_VERSION = 5.0;
				TARGETED_DEVICE_FAMILY = "1,2";
				TEST_TARGET_NAME = firstapp;
			};
			name = Debug;
		};
		750A9B932264F07300C5B21D /* Release */ = {
			isa = XCBuildConfiguration;
			buildSettings = {
				ALWAYS_EMBED_SWIFT_STANDARD_LIBRARIES = YES;
				CODE_SIGN_STYLE = Automatic;
				DEVELOPMENT_TEAM = 7MJQ4H625Q;
				INFOPLIST_FILE = firstappUITests/Info.plist;
				LD_RUNPATH_SEARCH_PATHS = (
					"$(inherited)",
					"@executable_path/Frameworks",
					"@loader_path/Frameworks",
				);
				PRODUCT_BUNDLE_IDENTIFIER = h9.firstappUITests;
				PRODUCT_NAME = "$(TARGET_NAME)";
				SWIFT_VERSION = 5.0;
				TARGETED_DEVICE_FAMILY = "1,2";
				TEST_TARGET_NAME = firstapp;
			};
			name = Release;
		};
/* End XCBuildConfiguration section */

/* Begin XCConfigurationList section */
		750A9B5B2264F07100C5B21D /* Build configuration list for PBXProject "firstapp" */ = {
			isa = XCConfigurationList;
			buildConfigurations = (
				750A9B892264F07300C5B21D /* Debug */,
				750A9B8A2264F07300C5B21D /* Release */,
			);
			defaultConfigurationIsVisible = 0;
			defaultConfigurationName = Release;
		};
		750A9B8B2264F07300C5B21D /* Build configuration list for PBXNativeTarget "firstapp" */ = {
			isa = XCConfigurationList;
			buildConfigurations = (
				750A9B8C2264F07300C5B21D /* Debug */,
				750A9B8D2264F07300C5B21D /* Release */,
			);
			defaultConfigurationIsVisible = 0;
			defaultConfigurationName = Release;
		};
		750A9B8E2264F07300C5B21D /* Build configuration list for PBXNativeTarget "firstappTests" */ = {
			isa = XCConfigurationList;
			buildConfigurations = (
				750A9B8F2264F07300C5B21D /* Debug */,
				750A9B902264F07300C5B21D /* Release */,
			);
			defaultConfigurationIsVisible = 0;
			defaultConfigurationName = Release;
		};
		750A9B912264F07300C5B21D /* Build configuration list for PBXNativeTarget "firstappUITests" */ = {
			isa = XCConfigurationList;
			buildConfigurations = (
				750A9B922264F07300C5B21D /* Debug */,
				750A9B932264F07300C5B21D /* Release */,
			);
			defaultConfigurationIsVisible = 0;
			defaultConfigurationName = Release;
		};
/* End XCConfigurationList section */

/* Begin XCVersionGroup section */
		750A9B6A2264F07100C5B21D /* firstapp.xcdatamodeld */ = {
			isa = XCVersionGroup;
			children = (
				750A9B6B2264F07100C5B21D /* firstapp.xcdatamodel */,
			);
			currentVersion = 750A9B6B2264F07100C5B21D /* firstapp.xcdatamodel */;
			path = firstapp.xcdatamodeld;
			sourceTree = "<group>";
			versionGroupType = wrapper.xcdatamodel;
		};
/* End XCVersionGroup section */
	};
	rootObject = 750A9B582264F07100C5B21D /* Project object */;
}
